
Microsoft Visual Studio Solution File, Format Version 12.00
# Visual Studio 2012
Project("{FAE04EC0-301F-11D3-BF4B-00C04F79EFBC}") = "gh-pages", "gh-pages.csproj", "{DDBD68DE-E871-4B4F-8CE7-D8942983957F}"
EndProject
Global
	GlobalSection(SolutionConfigurationPlatforms) = preSolution
		Debug|Any CPU = Debug|Any CPU
		Release|Any CPU = Release|Any CPU
	EndGlobalSection
	GlobalSection(ProjectConfigurationPlatforms) = postSolution
		{DDBD68DE-E871-4B4F-8CE7-D8942983957F}.Debug|Any CPU.ActiveCfg = Debug|Any CPU
		{DDBD68DE-E871-4B4F-8CE7-D8942983957F}.Debug|Any CPU.Build.0 = Debug|Any CPU
		{DDBD68DE-E871-4B4F-8CE7-D8942983957F}.Release|Any CPU.ActiveCfg = Release|Any CPU
		{DDBD68DE-E871-4B4F-8CE7-D8942983957F}.Release|Any CPU.Build.0 = Release|Any CPU
	EndGlobalSection
	GlobalSection(SolutionProperties) = preSolution
		HideSolutionNode = FALSE
	EndGlobalSection
EndGlobal
