
Microsoft Visual Studio Solution File, Format Version 12.00
# Visual Studio 2012
Project("{FAE04EC0-301F-11D3-BF4B-00C04F79EFBC}") = "SimpleMockWebService.Tests", "SimpleMockWebService.Tests\SimpleMockWebService.Tests.csproj", "{77E233B0-E36A-4C94-A1F8-34295CF78CBE}"
EndProject
Project("{2150E333-8FDC-42A3-9474-1A3956D46DE8}") = ".nuget", ".nuget", "{BEFD69CF-44F5-4848-BD5E-FE42FEADDE4F}"
	ProjectSection(SolutionItems) = preProject
		.nuget\packages.config = .nuget\packages.config
	EndProjectSection
EndProject
Project("{FAE04EC0-301F-11D3-BF4B-00C04F79EFBC}") = "SimpleMockWebService.Configurations", "SimpleMockWebService.Configurations\SimpleMockWebService.Configurations.csproj", "{5DBF76FA-D20F-4CE2-848E-BF7AC43FBF8E}"
EndProject
Project("{FAE04EC0-301F-11D3-BF4B-00C04F79EFBC}") = "SimpleMockWebService.Web.API", "SimpleMockWebService.Web.API\SimpleMockWebService.Web.API.csproj", "{A49A9472-5618-4420-BA65-3ADF0A263D4E}"
EndProject
Project("{FAE04EC0-301F-11D3-BF4B-00C04F79EFBC}") = "SimpleMockWebService.Web.API.Tests", "SimpleMockWebService.Web.API.Tests\SimpleMockWebService.Web.API.Tests.csproj", "{88F1AFD2-6359-4914-AB6C-68EC022C0F77}"
EndProject
Project("{FAE04EC0-301F-11D3-BF4B-00C04F79EFBC}") = "SimpleMockWebService.Services", "SimpleMockWebService.Services\SimpleMockWebService.Services.csproj", "{44F39B6A-E53F-4CBD-B63F-19828E04D2E0}"
EndProject
Project("{2150E333-8FDC-42A3-9474-1A3956D46DE8}") = "Documents", "Documents", "{B1E0F5E1-E904-4E0E-806D-F182B27D6BAE}"
EndProject
Project("{2150E333-8FDC-42A3-9474-1A3956D46DE8}") = "Properties", "Properties", "{280776DE-FA96-4C86-BB0A-02D52CE4CA43}"
	ProjectSection(SolutionItems) = preProject
		..\Documents\Properties\CommonAssemblyInfo.cs = ..\Documents\Properties\CommonAssemblyInfo.cs
	EndProjectSection
EndProject
Project("{2150E333-8FDC-42A3-9474-1A3956D46DE8}") = "Configurations", "Configurations", "{09B3C701-9756-4A93-A88E-2A8EF90C59B0}"
	ProjectSection(SolutionItems) = preProject
		..\Documents\Configurations\SimpleMockWebService.config = ..\Documents\Configurations\SimpleMockWebService.config
	EndProjectSection
EndProject
Global
	GlobalSection(SolutionConfigurationPlatforms) = preSolution
		Debug|Any CPU = Debug|Any CPU
		Release|Any CPU = Release|Any CPU
	EndGlobalSection
	GlobalSection(ProjectConfigurationPlatforms) = postSolution
		{77E233B0-E36A-4C94-A1F8-34295CF78CBE}.Debug|Any CPU.ActiveCfg = Debug|Any CPU
		{77E233B0-E36A-4C94-A1F8-34295CF78CBE}.Debug|Any CPU.Build.0 = Debug|Any CPU
		{77E233B0-E36A-4C94-A1F8-34295CF78CBE}.Release|Any CPU.ActiveCfg = Release|Any CPU
		{77E233B0-E36A-4C94-A1F8-34295CF78CBE}.Release|Any CPU.Build.0 = Release|Any CPU
		{5DBF76FA-D20F-4CE2-848E-BF7AC43FBF8E}.Debug|Any CPU.ActiveCfg = Debug|Any CPU
		{5DBF76FA-D20F-4CE2-848E-BF7AC43FBF8E}.Debug|Any CPU.Build.0 = Debug|Any CPU
		{5DBF76FA-D20F-4CE2-848E-BF7AC43FBF8E}.Release|Any CPU.ActiveCfg = Release|Any CPU
		{5DBF76FA-D20F-4CE2-848E-BF7AC43FBF8E}.Release|Any CPU.Build.0 = Release|Any CPU
		{A49A9472-5618-4420-BA65-3ADF0A263D4E}.Debug|Any CPU.ActiveCfg = Debug|Any CPU
		{A49A9472-5618-4420-BA65-3ADF0A263D4E}.Debug|Any CPU.Build.0 = Debug|Any CPU
		{A49A9472-5618-4420-BA65-3ADF0A263D4E}.Release|Any CPU.ActiveCfg = Release|Any CPU
		{A49A9472-5618-4420-BA65-3ADF0A263D4E}.Release|Any CPU.Build.0 = Release|Any CPU
		{88F1AFD2-6359-4914-AB6C-68EC022C0F77}.Debug|Any CPU.ActiveCfg = Debug|Any CPU
		{88F1AFD2-6359-4914-AB6C-68EC022C0F77}.Debug|Any CPU.Build.0 = Debug|Any CPU
		{88F1AFD2-6359-4914-AB6C-68EC022C0F77}.Release|Any CPU.ActiveCfg = Release|Any CPU
		{88F1AFD2-6359-4914-AB6C-68EC022C0F77}.Release|Any CPU.Build.0 = Release|Any CPU
		{44F39B6A-E53F-4CBD-B63F-19828E04D2E0}.Debug|Any CPU.ActiveCfg = Debug|Any CPU
		{44F39B6A-E53F-4CBD-B63F-19828E04D2E0}.Debug|Any CPU.Build.0 = Debug|Any CPU
		{44F39B6A-E53F-4CBD-B63F-19828E04D2E0}.Release|Any CPU.ActiveCfg = Release|Any CPU
		{44F39B6A-E53F-4CBD-B63F-19828E04D2E0}.Release|Any CPU.Build.0 = Release|Any CPU
	EndGlobalSection
	GlobalSection(SolutionProperties) = preSolution
		HideSolutionNode = FALSE
	EndGlobalSection
	GlobalSection(NestedProjects) = preSolution
		{280776DE-FA96-4C86-BB0A-02D52CE4CA43} = {B1E0F5E1-E904-4E0E-806D-F182B27D6BAE}
		{09B3C701-9756-4A93-A88E-2A8EF90C59B0} = {B1E0F5E1-E904-4E0E-806D-F182B27D6BAE}
	EndGlobalSection
EndGlobal
